
Microsoft Visual Studio Solution File, Format Version 11.00
# Visual Studio 2010
Project("{FAE04EC0-301F-11D3-BF4B-00C04F79EFBC}") = "Particle Sim VR (Bitcamp)", "Assembly-CSharp.csproj", "{6F11F163-DA62-85C3-321C-2E19D09991C7}"
EndProject
Project("{FAE04EC0-301F-11D3-BF4B-00C04F79EFBC}") = "Particle Sim VR (Bitcamp)", "Assembly-CSharp-Editor.csproj", "{9B76CAA6-63FE-5A6F-C84A-26582116E7A3}"
EndProject
Global
	GlobalSection(SolutionConfigurationPlatforms) = preSolution
		Debug|Any CPU = Debug|Any CPU
		Release|Any CPU = Release|Any CPU
	EndGlobalSection
	GlobalSection(ProjectConfigurationPlatforms) = postSolution
		{6F11F163-DA62-85C3-321C-2E19D09991C7}.Debug|Any CPU.ActiveCfg = Debug|Any CPU
		{6F11F163-DA62-85C3-321C-2E19D09991C7}.Debug|Any CPU.Build.0 = Debug|Any CPU
		{6F11F163-DA62-85C3-321C-2E19D09991C7}.Release|Any CPU.ActiveCfg = Release|Any CPU
		{6F11F163-DA62-85C3-321C-2E19D09991C7}.Release|Any CPU.Build.0 = Release|Any CPU
		{9B76CAA6-63FE-5A6F-C84A-26582116E7A3}.Debug|Any CPU.ActiveCfg = Debug|Any CPU
		{9B76CAA6-63FE-5A6F-C84A-26582116E7A3}.Debug|Any CPU.Build.0 = Debug|Any CPU
		{9B76CAA6-63FE-5A6F-C84A-26582116E7A3}.Release|Any CPU.ActiveCfg = Release|Any CPU
		{9B76CAA6-63FE-5A6F-C84A-26582116E7A3}.Release|Any CPU.Build.0 = Release|Any CPU
	EndGlobalSection
	GlobalSection(SolutionProperties) = preSolution
		HideSolutionNode = FALSE
	EndGlobalSection
	GlobalSection(MonoDevelopProperties) = preSolution
		StartupItem = Assembly-CSharp.csproj
	EndGlobalSection
EndGlobal
